
Microsoft Visual Studio Solution File, Format Version 12.00
# Visual Studio Version 16
VisualStudioVersion = 16.0.30104.148
MinimumVisualStudioVersion = 10.0.40219.1
Project("{FAE04EC0-301F-11D3-BF4B-00C04F79EFBC}") = "CEServerPS4", "CEServerPS4\CEServerPS4.csproj", "{91218BB6-DF7E-406C-8CC2-EFD5FFF732EC}"
EndProject
Global
	GlobalSection(SolutionConfigurationPlatforms) = preSolution
		Debug|Any CPU = Debug|Any CPU
		Release|Any CPU = Release|Any CPU
	EndGlobalSection
	GlobalSection(ProjectConfigurationPlatforms) = postSolution
		{91218BB6-DF7E-406C-8CC2-EFD5FFF732EC}.Debug|Any CPU.ActiveCfg = Debug|Any CPU
		{91218BB6-DF7E-406C-8CC2-EFD5FFF732EC}.Debug|Any CPU.Build.0 = Debug|Any CPU
		{91218BB6-DF7E-406C-8CC2-EFD5FFF732EC}.Release|Any CPU.ActiveCfg = Release|Any CPU
		{91218BB6-DF7E-406C-8CC2-EFD5FFF732EC}.Release|Any CPU.Build.0 = Release|Any CPU
	EndGlobalSection
	GlobalSection(SolutionProperties) = preSolution
		HideSolutionNode = FALSE
	EndGlobalSection
	GlobalSection(ExtensibilityGlobals) = postSolution
		SolutionGuid = {BBA8FFB4-D264-486E-BBC5-80AA6D6D7FB8}
	EndGlobalSection
EndGlobal
